
Microsoft Visual Studio Solution File, Format Version 12.00
# Visual Studio Version 17
VisualStudioVersion = 17.8.34330.188
MinimumVisualStudioVersion = 10.0.40219.1
Project("{FAE04EC0-301F-11D3-BF4B-00C04F79EFBC}") = "Gear_Builder_VKR", "Gear_Builder_VKR\Gear_Builder_VKR.csproj", "{B9A42EE5-20A3-4A83-A953-26F4D69A0D9F}"
EndProject
Global
	GlobalSection(SolutionConfigurationPlatforms) = preSolution
		Debug|Any CPU = Debug|Any CPU
		Release|Any CPU = Release|Any CPU
	EndGlobalSection
	GlobalSection(ProjectConfigurationPlatforms) = postSolution
		{B9A42EE5-20A3-4A83-A953-26F4D69A0D9F}.Debug|Any CPU.ActiveCfg = Debug|Any CPU
		{B9A42EE5-20A3-4A83-A953-26F4D69A0D9F}.Debug|Any CPU.Build.0 = Debug|Any CPU
		{B9A42EE5-20A3-4A83-A953-26F4D69A0D9F}.Release|Any CPU.ActiveCfg = Release|Any CPU
		{B9A42EE5-20A3-4A83-A953-26F4D69A0D9F}.Release|Any CPU.Build.0 = Release|Any CPU
	EndGlobalSection
	GlobalSection(SolutionProperties) = preSolution
		HideSolutionNode = FALSE
	EndGlobalSection
	GlobalSection(ExtensibilityGlobals) = postSolution
		SolutionGuid = {BBD8A495-0A2E-44AD-A2D4-1BC9694404F7}
	EndGlobalSection
EndGlobal
